PODS:
  - IFATestingSupport (1.0.3):
    - OCHamcrest (~> 4)
    - OCMock (~> 3)
  - OCHamcrest (4.3.0)
  - OCMock (3.4)

DEPENDENCIES:
  - IFATestingSupport
  - OCHamcrest
  - OCMock

SPEC CHECKSUMS:
  IFATestingSupport: 6558e25b6d4bac3fc11caec7ffe05e6e4bfbca77
  OCHamcrest: cd63d27f48a266d4412c0b295b01b8f0940efa81
  OCMock: 35ae71d6a8fcc1b59434d561d1520b9dd4f15765

PODFILE CHECKSUM: d5fb7c5f2799e0a1d73e73ce0e2d317e73ce89f3

COCOAPODS: 1.3.1
